# This file is autogenerated, do not edit; changes may be undone by the next 'dep ensure'.


[[projects]]
  branch = "master"
  name = "github.com/beorn7/perks"
  packages = ["quantile"]
  revision = "4c0e84591b9aa9e6dcfdf3e020114cd81f89d5f9"

[[projects]]
  name = "github.com/bluele/gcache"
  packages = ["."]
  revision = "1e0f672176a0d8f3709552241eb6516c6a503ed3"

[[projects]]
  name = "github.com/braintree/manners"
  packages = ["."]
  revision = "213a497c0285defc24f640dbdb8a30f7d7080310"

[[projects]]
  name = "github.com/dgrijalva/jwt-go"
  packages = ["."]
  revision = "f2193411bd642f7db03249fd79d5292c9b34916a"

[[projects]]
  name = "github.com/garyburd/redigo"
  packages = ["internal","redis"]
  revision = "836b6e58b3358112c8291565d01c35b8764070d7"

[[projects]]
  name = "github.com/go-zoo/bone"
  packages = ["."]
  revision = "6671f8b59444aa7b605234ec7a1b331cecee5326"

[[projects]]
  name = "github.com/golang/protobuf"
  packages = ["proto"]
  revision = "98fa357170587e470c5f27d3c3ea0947b71eb455"

[[projects]]
  name = "github.com/gorilla/handlers"
  packages = ["."]
  revision = "ee54c7b44cab12289237fb8631314790076e728b"
  version = "v1.1"

[[projects]]
  name = "github.com/hashicorp/consul"
  packages = ["api"]
  revision = "de080672fee9e6104572eeea89eccdca135bb918"

[[projects]]
  name = "github.com/hashicorp/golang-lru"
  packages = [".","simplelru"]
  revision = "a0d98a5f288019575c6d1f4bb1573fef2d1fcdc4"

[[projects]]
  name = "github.com/julienschmidt/httprouter"
  packages = ["."]
  revision = "153d9c9fa8b6a5995c6a300cca099e1f3408733f"

[[projects]]
  branch = "master"
  name = "github.com/matttproud/golang_protobuf_extensions"
  packages = ["pbutil"]
  revision = "c12348ce28de40eed0136aa2b644d0ee0650e56c"

[[projects]]
  name = "github.com/op/go-logging"
  packages = ["."]
  revision = "d2e44aa77b7195c0ef782189985dd8550e22e4de"

[[projects]]
  name = "github.com/prometheus/client_golang"
  packages = ["prometheus","prometheus/promhttp"]
  revision = "5636dc67ae776adf5590da7349e70fbb9559972d"

[[projects]]
  name = "github.com/prometheus/client_model"
  packages = ["go"]
  revision = "fa8ad6fec33561be4280a8f0514318c79d7f6cb6"

[[projects]]
  name = "github.com/prometheus/common"
  packages = ["expfmt","internal/bitbucket.org/ww/goautoneg","model"]
  revision = "85637ea67b04b5c3bb25e671dacded2977f8f9f6"

[[projects]]
  name = "github.com/prometheus/procfs"
  packages = ["."]
  revision = "abf152e5f3e97f2fafac028d2cc06c1feb87ffa5"

[[projects]]
  branch = "master"
  name = "github.com/robertkrimen/otto"
  packages = [".","ast","dbg","file","parser","registry","token"]
  revision = "a813c59b1b4471ff7ecd3b533bac2f7e7d178784"

[[projects]]
  name = "github.com/streadway/amqp"
  packages = ["."]
  revision = "b4f3ceab0337f013208d31348b578d83c0064744"

[[projects]]
  name = "gopkg.in/sourcemap.v1"
  packages = [".","base64vlq"]
  revision = "eef8f47ab679652a7d3a4ee34c34314d255d2536"
  version = "v1.0.3"

[solve-meta]
  analyzer-name = "dep"
  analyzer-version = 1
  inputs-digest = "28ae02f1c484c4cf72415dc0da95c4c8960d55d01a25ea057a36f39d3bf98a12"
  solver-name = "gps-cdcl"
  solver-version = 1
